
Microsoft Visual Studio Solution File, Format Version 12.00
# Visual Studio 15
VisualStudioVersion = 15.0.28010.2016
MinimumVisualStudioVersion = 10.0.40219.1
Project("{9A19103F-16F7-4668-BE54-9A1E7A4F7556}") = "AOP.Fody", "AOP.Fody\AOP.Fody.csproj", "{FD38AE36-F991-46DD-8A87-59EA2FD251DF}"
EndProject
Project("{2150E333-8FDC-42A3-9474-1A3956D46DE8}") = "FodyLib", "FodyLib", "{66E90084-8C6F-4E7D-8391-1897606E1154}"
EndProject
Project("{2150E333-8FDC-42A3-9474-1A3956D46DE8}") = "FodyLib.UnitTest", "FodyLib.UnitTest", "{665AE70F-23C6-4700-8770-52C31B666854}"
EndProject
Project("{FAE04EC0-301F-11D3-BF4B-00C04F79EFBC}") = "AOP.FodyLib", "FodyLib\AOP.FodyLib.csproj", "{B0E8A29C-9C68-41A8-9E77-3CEF56A14B8A}"
EndProject
Project("{2150E333-8FDC-42A3-9474-1A3956D46DE8}") = "FodyLib.App", "FodyLib.App", "{61F52759-500A-41FB-B9B7-E657B04EC106}"
EndProject
Project("{FAE04EC0-301F-11D3-BF4B-00C04F79EFBC}") = "FodyApp.Normal", "AOP.Fody.App\FodyApp.Normal\FodyApp.Normal.csproj", "{86A4325A-E205-4879-AC46-8E95CD00E34D}"
EndProject
Global
	GlobalSection(SolutionConfigurationPlatforms) = preSolution
		Debug|Any CPU = Debug|Any CPU
		Release|Any CPU = Release|Any CPU
	EndGlobalSection
	GlobalSection(ProjectConfigurationPlatforms) = postSolution
		{FD38AE36-F991-46DD-8A87-59EA2FD251DF}.Debug|Any CPU.ActiveCfg = Debug|Any CPU
		{FD38AE36-F991-46DD-8A87-59EA2FD251DF}.Debug|Any CPU.Build.0 = Debug|Any CPU
		{FD38AE36-F991-46DD-8A87-59EA2FD251DF}.Release|Any CPU.ActiveCfg = Release|Any CPU
		{FD38AE36-F991-46DD-8A87-59EA2FD251DF}.Release|Any CPU.Build.0 = Release|Any CPU
		{B0E8A29C-9C68-41A8-9E77-3CEF56A14B8A}.Debug|Any CPU.ActiveCfg = Debug|Any CPU
		{B0E8A29C-9C68-41A8-9E77-3CEF56A14B8A}.Debug|Any CPU.Build.0 = Debug|Any CPU
		{B0E8A29C-9C68-41A8-9E77-3CEF56A14B8A}.Release|Any CPU.ActiveCfg = Release|Any CPU
		{B0E8A29C-9C68-41A8-9E77-3CEF56A14B8A}.Release|Any CPU.Build.0 = Release|Any CPU
		{86A4325A-E205-4879-AC46-8E95CD00E34D}.Debug|Any CPU.ActiveCfg = Debug|Any CPU
		{86A4325A-E205-4879-AC46-8E95CD00E34D}.Debug|Any CPU.Build.0 = Debug|Any CPU
		{86A4325A-E205-4879-AC46-8E95CD00E34D}.Release|Any CPU.ActiveCfg = Release|Any CPU
		{86A4325A-E205-4879-AC46-8E95CD00E34D}.Release|Any CPU.Build.0 = Release|Any CPU
	EndGlobalSection
	GlobalSection(SolutionProperties) = preSolution
		HideSolutionNode = FALSE
	EndGlobalSection
	GlobalSection(NestedProjects) = preSolution
		{B0E8A29C-9C68-41A8-9E77-3CEF56A14B8A} = {66E90084-8C6F-4E7D-8391-1897606E1154}
		{86A4325A-E205-4879-AC46-8E95CD00E34D} = {61F52759-500A-41FB-B9B7-E657B04EC106}
	EndGlobalSection
	GlobalSection(ExtensibilityGlobals) = postSolution
		SolutionGuid = {1D7F0D31-4C71-487A-9BD7-B62BC9450726}
	EndGlobalSection
EndGlobal
