
Microsoft Visual Studio Solution File, Format Version 12.00
# Visual Studio 15
VisualStudioVersion = 15.0.28010.2016
MinimumVisualStudioVersion = 10.0.40219.1
Project("{9A19103F-16F7-4668-BE54-9A1E7A4F7556}") = "AOP.Fody", "AOP.Fody\AOP.Fody.csproj", "{FD38AE36-F991-46DD-8A87-59EA2FD251DF}"
EndProject
Global
	GlobalSection(SolutionConfigurationPlatforms) = preSolution
		Debug|Any CPU = Debug|Any CPU
		Release|Any CPU = Release|Any CPU
	EndGlobalSection
	GlobalSection(ProjectConfigurationPlatforms) = postSolution
		{FD38AE36-F991-46DD-8A87-59EA2FD251DF}.Debug|Any CPU.ActiveCfg = Debug|Any CPU
		{FD38AE36-F991-46DD-8A87-59EA2FD251DF}.Debug|Any CPU.Build.0 = Debug|Any CPU
		{FD38AE36-F991-46DD-8A87-59EA2FD251DF}.Release|Any CPU.ActiveCfg = Release|Any CPU
		{FD38AE36-F991-46DD-8A87-59EA2FD251DF}.Release|Any CPU.Build.0 = Release|Any CPU
	EndGlobalSection
	GlobalSection(SolutionProperties) = preSolution
		HideSolutionNode = FALSE
	EndGlobalSection
	GlobalSection(ExtensibilityGlobals) = postSolution
		SolutionGuid = {1D7F0D31-4C71-487A-9BD7-B62BC9450726}
	EndGlobalSection
EndGlobal
